
Microsoft Visual Studio Solution File, Format Version 12.00
# Visual Studio Version 17
VisualStudioVersion = 17.1.32319.34
MinimumVisualStudioVersion = 10.0.40219.1
Project("{FAE04EC0-301F-11D3-BF4B-00C04F79EFBC}") = "HotelListing", "HotelListing\HotelListing.csproj", "{32EECFA8-992B-4D70-A13A-9C32B8A3E1BA}"
EndProject
Global
	GlobalSection(SolutionConfigurationPlatforms) = preSolution
		Debug|Any CPU = Debug|Any CPU
		Release|Any CPU = Release|Any CPU
	EndGlobalSection
	GlobalSection(ProjectConfigurationPlatforms) = postSolution
		{32EECFA8-992B-4D70-A13A-9C32B8A3E1BA}.Debug|Any CPU.ActiveCfg = Debug|Any CPU
		{32EECFA8-992B-4D70-A13A-9C32B8A3E1BA}.Debug|Any CPU.Build.0 = Debug|Any CPU
		{32EECFA8-992B-4D70-A13A-9C32B8A3E1BA}.Release|Any CPU.ActiveCfg = Release|Any CPU
		{32EECFA8-992B-4D70-A13A-9C32B8A3E1BA}.Release|Any CPU.Build.0 = Release|Any CPU
	EndGlobalSection
	GlobalSection(SolutionProperties) = preSolution
		HideSolutionNode = FALSE
	EndGlobalSection
	GlobalSection(ExtensibilityGlobals) = postSolution
		SolutionGuid = {002A6DAC-3EAF-41A3-9E61-0B8E44D51D1B}
	EndGlobalSection
EndGlobal
